
Microsoft Visual Studio Solution File, Format Version 12.00
# Visual Studio Version 16
VisualStudioVersion = 16.0.28803.352
MinimumVisualStudioVersion = 10.0.40219.1
Project("{FAE04EC0-301F-11D3-BF4B-00C04F79EFBC}") = "DynamicLSB", "DynamicLSB\DynamicLSB.csproj", "{DF44167B-95E1-4E5E-A49F-B30AC42F01E6}"
EndProject
Global
	GlobalSection(SolutionConfigurationPlatforms) = preSolution
		Debug|Any CPU = Debug|Any CPU
		Release|Any CPU = Release|Any CPU
	EndGlobalSection
	GlobalSection(ProjectConfigurationPlatforms) = postSolution
		{DF44167B-95E1-4E5E-A49F-B30AC42F01E6}.Debug|Any CPU.ActiveCfg = Debug|Any CPU
		{DF44167B-95E1-4E5E-A49F-B30AC42F01E6}.Debug|Any CPU.Build.0 = Debug|Any CPU
		{DF44167B-95E1-4E5E-A49F-B30AC42F01E6}.Release|Any CPU.ActiveCfg = Release|Any CPU
		{DF44167B-95E1-4E5E-A49F-B30AC42F01E6}.Release|Any CPU.Build.0 = Release|Any CPU
	EndGlobalSection
	GlobalSection(SolutionProperties) = preSolution
		HideSolutionNode = FALSE
	EndGlobalSection
	GlobalSection(ExtensibilityGlobals) = postSolution
		SolutionGuid = {627E0993-8DF9-4EF2-A3C4-CEB7E9CDB014}
	EndGlobalSection
EndGlobal
